<?xml version="1.0" encoding="utf-8"?>
<Project ToolsVersion="4.0" xmlns="http://schemas.microsoft.com/developer/msbuild/2003">
  <ItemGroup>
    <Filter Include="file-ops">
      <UniqueIdentifier>{e1048f06-74d8-4120-80df-82fee2e354ee}</UniqueIdentifier>
    </Filter>
    <Filter Include="common">
      <UniqueIdentifier>{36b8a2dd-b60a-4689-be7e-7c9326588e44}</UniqueIdentifier>
    </Filter>
  </ItemGroup>
  <ItemGroup>
    <ClInclude Include="common\common.h">
      <Filter>common</Filter>
    </ClInclude>
    <ClInclude Include="file-ops\file-ops.h">
      <Filter>file-ops</Filter>
    </ClInclude>
  </ItemGroup>
  <ItemGroup>
    <ClCompile Include="file-ops\file-ops.cpp">
      <Filter>file-ops</Filter>
    </ClCompile>
    <ClCompile Include="unone-tool.cpp" />
  </ItemGroup>
</Project>