
Microsoft Visual Studio Solution File, Format Version 12.00
# Visual Studio 14
VisualStudioVersion = 14.0.25420.1
MinimumVisualStudioVersion = 10.0.40219.1
Project("{8BC9CEB8-8B4A-11D0-8D11-00A0C91BC942}") = "unone", "unone\unone.vcxproj", "{658AB9A2-3EC1-4FFA-AD37-6EB940645BF9}"
EndProject
Project("{8BC9CEB8-8B4A-11D0-8D11-00A0C91BC942}") = "unone-test", "unone-test\unone-test.vcxproj", "{CF665312-467C-472D-8AD9-EF4B4244E4FF}"
	ProjectSection(ProjectDependencies) = postProject
		{658AB9A2-3EC1-4FFA-AD37-6EB940645BF9} = {658AB9A2-3EC1-4FFA-AD37-6EB940645BF9}
	EndProjectSection
EndProject
Project("{8BC9CEB8-8B4A-11D0-8D11-00A0C91BC942}") = "unone-tool", "unone-tool\unone-tool.vcxproj", "{B2536E8F-3AFF-493F-8AB0-148FF2852EDA}"
	ProjectSection(ProjectDependencies) = postProject
		{658AB9A2-3EC1-4FFA-AD37-6EB940645BF9} = {658AB9A2-3EC1-4FFA-AD37-6EB940645BF9}
	EndProjectSection
EndProject
Global
	GlobalSection(SolutionConfigurationPlatforms) = preSolution
		v100-dynamic-debug|32 = v100-dynamic-debug|32
		v100-dynamic-debug|64 = v100-dynamic-debug|64
		v100-dynamic-debug|x64 = v100-dynamic-debug|x64
		v100-dynamic-debug|x86 = v100-dynamic-debug|x86
		v100-dynamic-debug-dll|32 = v100-dynamic-debug-dll|32
		v100-dynamic-debug-dll|64 = v100-dynamic-debug-dll|64
		v100-dynamic-debug-dll|x64 = v100-dynamic-debug-dll|x64
		v100-dynamic-debug-dll|x86 = v100-dynamic-debug-dll|x86
		v100-dynamic-release|32 = v100-dynamic-release|32
		v100-dynamic-release|64 = v100-dynamic-release|64
		v100-dynamic-release|x64 = v100-dynamic-release|x64
		v100-dynamic-release|x86 = v100-dynamic-release|x86
		v100-dynamic-release-dll|32 = v100-dynamic-release-dll|32
		v100-dynamic-release-dll|64 = v100-dynamic-release-dll|64
		v100-dynamic-release-dll|x64 = v100-dynamic-release-dll|x64
		v100-dynamic-release-dll|x86 = v100-dynamic-release-dll|x86
		v100-static-debug|32 = v100-static-debug|32
		v100-static-debug|64 = v100-static-debug|64
		v100-static-debug|x64 = v100-static-debug|x64
		v100-static-debug|x86 = v100-static-debug|x86
		v100-static-release|32 = v100-static-release|32
		v100-static-release|64 = v100-static-release|64
		v100-static-release|x64 = v100-static-release|x64
		v100-static-release|x86 = v100-static-release|x86
		v110-dynamic-debug|32 = v110-dynamic-debug|32
		v110-dynamic-debug|64 = v110-dynamic-debug|64
		v110-dynamic-debug|x64 = v110-dynamic-debug|x64
		v110-dynamic-debug|x86 = v110-dynamic-debug|x86
		v110-dynamic-debug-dll|32 = v110-dynamic-debug-dll|32
		v110-dynamic-debug-dll|64 = v110-dynamic-debug-dll|64
		v110-dynamic-debug-dll|x64 = v110-dynamic-debug-dll|x64
		v110-dynamic-debug-dll|x86 = v110-dynamic-debug-dll|x86
		v110-dynamic-release|32 = v110-dynamic-release|32
		v110-dynamic-release|64 = v110-dynamic-release|64
		v110-dynamic-release|x64 = v110-dynamic-release|x64
		v110-dynamic-release|x86 = v110-dynamic-release|x86
		v110-dynamic-release-dll|32 = v110-dynamic-release-dll|32
		v110-dynamic-release-dll|64 = v110-dynamic-release-dll|64
		v110-dynamic-release-dll|x64 = v110-dynamic-release-dll|x64
		v110-dynamic-release-dll|x86 = v110-dynamic-release-dll|x86
		v110-static-debug|32 = v110-static-debug|32
		v110-static-debug|64 = v110-static-debug|64
		v110-static-debug|x64 = v110-static-debug|x64
		v110-static-debug|x86 = v110-static-debug|x86
		v110-static-release|32 = v110-static-release|32
		v110-static-release|64 = v110-static-release|64
		v110-static-release|x64 = v110-static-release|x64
		v110-static-release|x86 = v110-static-release|x86
		v120-dynamic-debug|32 = v120-dynamic-debug|32
		v120-dynamic-debug|64 = v120-dynamic-debug|64
		v120-dynamic-debug|x64 = v120-dynamic-debug|x64
		v120-dynamic-debug|x86 = v120-dynamic-debug|x86
		v120-dynamic-debug-dll|32 = v120-dynamic-debug-dll|32
		v120-dynamic-debug-dll|64 = v120-dynamic-debug-dll|64
		v120-dynamic-debug-dll|x64 = v120-dynamic-debug-dll|x64
		v120-dynamic-debug-dll|x86 = v120-dynamic-debug-dll|x86
		v120-dynamic-release|32 = v120-dynamic-release|32
		v120-dynamic-release|64 = v120-dynamic-release|64
		v120-dynamic-release|x64 = v120-dynamic-release|x64
		v120-dynamic-release|x86 = v120-dynamic-release|x86
		v120-dynamic-release-dll|32 = v120-dynamic-release-dll|32
		v120-dynamic-release-dll|64 = v120-dynamic-release-dll|64
		v120-dynamic-release-dll|x64 = v120-dynamic-release-dll|x64
		v120-dynamic-release-dll|x86 = v120-dynamic-release-dll|x86
		v120-static-debug|32 = v120-static-debug|32
		v120-static-debug|64 = v120-static-debug|64
		v120-static-debug|x64 = v120-static-debug|x64
		v120-static-debug|x86 = v120-static-debug|x86
		v120-static-release|32 = v120-static-release|32
		v120-static-release|64 = v120-static-release|64
		v120-static-release|x64 = v120-static-release|x64
		v120-static-release|x86 = v120-static-release|x86
		v140-dynamic-debug|32 = v140-dynamic-debug|32
		v140-dynamic-debug|64 = v140-dynamic-debug|64
		v140-dynamic-debug|x64 = v140-dynamic-debug|x64
		v140-dynamic-debug|x86 = v140-dynamic-debug|x86
		v140-dynamic-debug-dll|32 = v140-dynamic-debug-dll|32
		v140-dynamic-debug-dll|64 = v140-dynamic-debug-dll|64
		v140-dynamic-debug-dll|x64 = v140-dynamic-debug-dll|x64
		v140-dynamic-debug-dll|x86 = v140-dynamic-debug-dll|x86
		v140-dynamic-release|32 = v140-dynamic-release|32
		v140-dynamic-release|64 = v140-dynamic-release|64
		v140-dynamic-release|x64 = v140-dynamic-release|x64
		v140-dynamic-release|x86 = v140-dynamic-release|x86
		v140-dynamic-release-dll|32 = v140-dynamic-release-dll|32
		v140-dynamic-release-dll|64 = v140-dynamic-release-dll|64
		v140-dynamic-release-dll|x64 = v140-dynamic-release-dll|x64
		v140-dynamic-release-dll|x86 = v140-dynamic-release-dll|x86
		v140-static-debug|32 = v140-static-debug|32
		v140-static-debug|64 = v140-static-debug|64
		v140-static-debug|x64 = v140-static-debug|x64
		v140-static-debug|x86 = v140-static-debug|x86
		v140-static-release|32 = v140-static-release|32
		v140-static-release|64 = v140-static-release|64
		v140-static-release|x64 = v140-static-release|x64
		v140-static-release|x86 = v140-static-release|x86
	EndGlobalSection
	GlobalSection(ProjectConfigurationPlatforms) = postSolution
		{658AB9A2-3EC1-4FFA-AD37-6EB940645BF9}.v100-dynamic-debug|32.ActiveCfg = v100-dynamic-debug|Win32
		{658AB9A2-3EC1-4FFA-AD37-6EB940645BF9}.v100-dynamic-debug|32.Build.0 = v100-dynamic-debug|Win32
		{658AB9A2-3EC1-4FFA-AD37-6EB940645BF9}.v100-dynamic-debug|64.ActiveCfg = v100-dynamic-debug|x64
		{658AB9A2-3EC1-4FFA-AD37-6EB940645BF9}.v100-dynamic-debug|64.Build.0 = v100-dynamic-debug|x64
		{658AB9A2-3EC1-4FFA-AD37-6EB940645BF9}.v100-dynamic-debug|x64.ActiveCfg = v100-dynamic-debug|x64
		{658AB9A2-3EC1-4FFA-AD37-6EB940645BF9}.v100-dynamic-debug|x64.Build.0 = v100-dynamic-debug|x64
		{658AB9A2-3EC1-4FFA-AD37-6EB940645BF9}.v100-dynamic-debug|x86.ActiveCfg = v100-dynamic-debug|Win32
		{658AB9A2-3EC1-4FFA-AD37-6EB940645BF9}.v100-dynamic-debug|x86.Build.0 = v100-dynamic-debug|Win32
		{658AB9A2-3EC1-4FFA-AD37-6EB940645BF9}.v100-dynamic-debug-dll|32.ActiveCfg = v100-dynamic-debug-dll|Win32
		{658AB9A2-3EC1-4FFA-AD37-6EB940645BF9}.v100-dynamic-debug-dll|32.Build.0 = v100-dynamic-debug-dll|Win32
		{658AB9A2-3EC1-4FFA-AD37-6EB940645BF9}.v100-dynamic-debug-dll|64.ActiveCfg = v100-dynamic-debug-dll|x64
		{658AB9A2-3EC1-4FFA-AD37-6EB940645BF9}.v100-dynamic-debug-dll|64.Build.0 = v100-dynamic-debug-dll|x64
		{658AB9A2-3EC1-4FFA-AD37-6EB940645BF9}.v100-dynamic-debug-dll|x64.ActiveCfg = v100-dynamic-debug-dll|x64
		{658AB9A2-3EC1-4FFA-AD37-6EB940645BF9}.v100-dynamic-debug-dll|x64.Build.0 = v100-dynamic-debug-dll|x64
		{658AB9A2-3EC1-4FFA-AD37-6EB940645BF9}.v100-dynamic-debug-dll|x86.ActiveCfg = v100-dynamic-debug-dll|Win32
		{658AB9A2-3EC1-4FFA-AD37-6EB940645BF9}.v100-dynamic-debug-dll|x86.Build.0 = v100-dynamic-debug-dll|Win32
		{658AB9A2-3EC1-4FFA-AD37-6EB940645BF9}.v100-dynamic-release|32.ActiveCfg = v100-dynamic-release|Win32
		{658AB9A2-3EC1-4FFA-AD37-6EB940645BF9}.v100-dynamic-release|32.Build.0 = v100-dynamic-release|Win32
		{658AB9A2-3EC1-4FFA-AD37-6EB940645BF9}.v100-dynamic-release|64.ActiveCfg = v100-dynamic-release|x64
		{658AB9A2-3EC1-4FFA-AD37-6EB940645BF9}.v100-dynamic-release|64.Build.0 = v100-dynamic-release|x64
		{658AB9A2-3EC1-4FFA-AD37-6EB940645BF9}.v100-dynamic-release|x64.ActiveCfg = v100-dynamic-release|x64
		{658AB9A2-3EC1-4FFA-AD37-6EB940645BF9}.v100-dynamic-release|x64.Build.0 = v100-dynamic-release|x64
		{658AB9A2-3EC1-4FFA-AD37-6EB940645BF9}.v100-dynamic-release|x86.ActiveCfg = v100-dynamic-release|Win32
		{658AB9A2-3EC1-4FFA-AD37-6EB940645BF9}.v100-dynamic-release|x86.Build.0 = v100-dynamic-release|Win32
		{658AB9A2-3EC1-4FFA-AD37-6EB940645BF9}.v100-dynamic-release-dll|32.ActiveCfg = v100-dynamic-release-dll|Win32
		{658AB9A2-3EC1-4FFA-AD37-6EB940645BF9}.v100-dynamic-release-dll|32.Build.0 = v100-dynamic-release-dll|Win32
		{658AB9A2-3EC1-4FFA-AD37-6EB940645BF9}.v100-dynamic-release-dll|64.ActiveCfg = v100-dynamic-release-dll|x64
		{658AB9A2-3EC1-4FFA-AD37-6EB940645BF9}.v100-dynamic-release-dll|64.Build.0 = v100-dynamic-release-dll|x64
		{658AB9A2-3EC1-4FFA-AD37-6EB940645BF9}.v100-dynamic-release-dll|x64.ActiveCfg = v100-dynamic-release-dll|x64
		{658AB9A2-3EC1-4FFA-AD37-6EB940645BF9}.v100-dynamic-release-dll|x64.Build.0 = v100-dynamic-release-dll|x64
		{658AB9A2-3EC1-4FFA-AD37-6EB940645BF9}.v100-dynamic-release-dll|x86.ActiveCfg = v100-dynamic-release-dll|Win32
		{658AB9A2-3EC1-4FFA-AD37-6EB940645BF9}.v100-dynamic-release-dll|x86.Build.0 = v100-dynamic-release-dll|Win32
		{658AB9A2-3EC1-4FFA-AD37-6EB940645BF9}.v100-static-debug|32.ActiveCfg = v100-static-debug|Win32
		{658AB9A2-3EC1-4FFA-AD37-6EB940645BF9}.v100-static-debug|32.Build.0 = v100-static-debug|Win32
		{658AB9A2-3EC1-4FFA-AD37-6EB940645BF9}.v100-static-debug|64.ActiveCfg = v100-static-debug|x64
		{658AB9A2-3EC1-4FFA-AD37-6EB940645BF9}.v100-static-debug|64.Build.0 = v100-static-debug|x64
		{658AB9A2-3EC1-4FFA-AD37-6EB940645BF9}.v100-static-debug|x64.ActiveCfg = v100-static-debug|x64
		{658AB9A2-3EC1-4FFA-AD37-6EB940645BF9}.v100-static-debug|x64.Build.0 = v100-static-debug|x64
		{658AB9A2-3EC1-4FFA-AD37-6EB940645BF9}.v100-static-debug|x86.ActiveCfg = v100-static-debug|Win32
		{658AB9A2-3EC1-4FFA-AD37-6EB940645BF9}.v100-static-debug|x86.Build.0 = v100-static-debug|Win32
		{658AB9A2-3EC1-4FFA-AD37-6EB940645BF9}.v100-static-release|32.ActiveCfg = v100-static-release|Win32
		{658AB9A2-3EC1-4FFA-AD37-6EB940645BF9}.v100-static-release|32.Build.0 = v100-static-release|Win32
		{658AB9A2-3EC1-4FFA-AD37-6EB940645BF9}.v100-static-release|64.ActiveCfg = v100-static-release|x64
		{658AB9A2-3EC1-4FFA-AD37-6EB940645BF9}.v100-static-release|64.Build.0 = v100-static-release|x64
		{658AB9A2-3EC1-4FFA-AD37-6EB940645BF9}.v100-static-release|x64.ActiveCfg = v100-static-release|x64
		{658AB9A2-3EC1-4FFA-AD37-6EB940645BF9}.v100-static-release|x64.Build.0 = v100-static-release|x64
		{658AB9A2-3EC1-4FFA-AD37-6EB940645BF9}.v100-static-release|x86.ActiveCfg = v100-static-release|Win32
		{658AB9A2-3EC1-4FFA-AD37-6EB940645BF9}.v100-static-release|x86.Build.0 = v100-static-release|Win32
		{658AB9A2-3EC1-4FFA-AD37-6EB940645BF9}.v110-dynamic-debug|32.ActiveCfg = v110-dynamic-debug|Win32
		{658AB9A2-3EC1-4FFA-AD37-6EB940645BF9}.v110-dynamic-debug|32.Build.0 = v110-dynamic-debug|x64
		{658AB9A2-3EC1-4FFA-AD37-6EB940645BF9}.v110-dynamic-debug|64.ActiveCfg = v110-dynamic-debug|x64
		{658AB9A2-3EC1-4FFA-AD37-6EB940645BF9}.v110-dynamic-debug|64.Build.0 = v110-dynamic-debug|x64
		{658AB9A2-3EC1-4FFA-AD37-6EB940645BF9}.v110-dynamic-debug|x64.ActiveCfg = v110-dynamic-debug|x64
		{658AB9A2-3EC1-4FFA-AD37-6EB940645BF9}.v110-dynamic-debug|x64.Build.0 = v110-dynamic-debug|x64
		{658AB9A2-3EC1-4FFA-AD37-6EB940645BF9}.v110-dynamic-debug|x86.ActiveCfg = v110-dynamic-debug|Win32
		{658AB9A2-3EC1-4FFA-AD37-6EB940645BF9}.v110-dynamic-debug|x86.Build.0 = v110-dynamic-debug|Win32
		{658AB9A2-3EC1-4FFA-AD37-6EB940645BF9}.v110-dynamic-debug-dll|32.ActiveCfg = v110-dynamic-debug-dll|Win32
		{658AB9A2-3EC1-4FFA-AD37-6EB940645BF9}.v110-dynamic-debug-dll|32.Build.0 = v110-dynamic-debug-dll|Win32
		{658AB9A2-3EC1-4FFA-AD37-6EB940645BF9}.v110-dynamic-debug-dll|64.ActiveCfg = v110-dynamic-debug-dll|x64
		{658AB9A2-3EC1-4FFA-AD37-6EB940645BF9}.v110-dynamic-debug-dll|64.Build.0 = v110-dynamic-debug-dll|x64
		{658AB9A2-3EC1-4FFA-AD37-6EB940645BF9}.v110-dynamic-debug-dll|x64.ActiveCfg = v110-dynamic-debug-dll|x64
		{658AB9A2-3EC1-4FFA-AD37-6EB940645BF9}.v110-dynamic-debug-dll|x64.Build.0 = v110-dynamic-debug-dll|x64
		{658AB9A2-3EC1-4FFA-AD37-6EB940645BF9}.v110-dynamic-debug-dll|x86.ActiveCfg = v110-dynamic-debug-dll|Win32
		{658AB9A2-3EC1-4FFA-AD37-6EB940645BF9}.v110-dynamic-debug-dll|x86.Build.0 = v110-dynamic-debug-dll|Win32
		{658AB9A2-3EC1-4FFA-AD37-6EB940645BF9}.v110-dynamic-release|32.ActiveCfg = v110-dynamic-release|Win32
		{658AB9A2-3EC1-4FFA-AD37-6EB940645BF9}.v110-dynamic-release|32.Build.0 = v110-dynamic-release|x64
		{658AB9A2-3EC1-4FFA-AD37-6EB940645BF9}.v110-dynamic-release|64.ActiveCfg = v110-dynamic-release|x64
		{658AB9A2-3EC1-4FFA-AD37-6EB940645BF9}.v110-dynamic-release|64.Build.0 = v110-dynamic-release|x64
		{658AB9A2-3EC1-4FFA-AD37-6EB940645BF9}.v110-dynamic-release|x64.ActiveCfg = v110-dynamic-release|x64
		{658AB9A2-3EC1-4FFA-AD37-6EB940645BF9}.v110-dynamic-release|x64.Build.0 = v110-dynamic-release|x64
		{658AB9A2-3EC1-4FFA-AD37-6EB940645BF9}.v110-dynamic-release|x86.ActiveCfg = v110-dynamic-release|Win32
		{658AB9A2-3EC1-4FFA-AD37-6EB940645BF9}.v110-dynamic-release|x86.Build.0 = v110-dynamic-release|Win32
		{658AB9A2-3EC1-4FFA-AD37-6EB940645BF9}.v110-dynamic-release-dll|32.ActiveCfg = v110-dynamic-release-dll|Win32
		{658AB9A2-3EC1-4FFA-AD37-6EB940645BF9}.v110-dynamic-release-dll|32.Build.0 = v110-dynamic-release-dll|x64
		{658AB9A2-3EC1-4FFA-AD37-6EB940645BF9}.v110-dynamic-release-dll|64.ActiveCfg = v110-dynamic-release-dll|x64
		{658AB9A2-3EC1-4FFA-AD37-6EB940645BF9}.v110-dynamic-release-dll|64.Build.0 = v110-dynamic-release-dll|x64
		{658AB9A2-3EC1-4FFA-AD37-6EB940645BF9}.v110-dynamic-release-dll|x64.ActiveCfg = v110-dynamic-release-dll|x64
		{658AB9A2-3EC1-4FFA-AD37-6EB940645BF9}.v110-dynamic-release-dll|x64.Build.0 = v110-dynamic-release-dll|x64
		{658AB9A2-3EC1-4FFA-AD37-6EB940645BF9}.v110-dynamic-release-dll|x86.ActiveCfg = v110-dynamic-release-dll|Win32
		{658AB9A2-3EC1-4FFA-AD37-6EB940645BF9}.v110-dynamic-release-dll|x86.Build.0 = v110-dynamic-release-dll|Win32
		{658AB9A2-3EC1-4FFA-AD37-6EB940645BF9}.v110-static-debug|32.ActiveCfg = v110-static-debug|Win32
		{658AB9A2-3EC1-4FFA-AD37-6EB940645BF9}.v110-static-debug|32.Build.0 = v110-static-debug|Win32
		{658AB9A2-3EC1-4FFA-AD37-6EB940645BF9}.v110-static-debug|64.ActiveCfg = v110-static-debug|x64
		{658AB9A2-3EC1-4FFA-AD37-6EB940645BF9}.v110-static-debug|64.Build.0 = v110-static-debug|x64
		{658AB9A2-3EC1-4FFA-AD37-6EB940645BF9}.v110-static-debug|x64.ActiveCfg = v110-static-debug|x64
		{658AB9A2-3EC1-4FFA-AD37-6EB940645BF9}.v110-static-debug|x64.Build.0 = v110-static-debug|x64
		{658AB9A2-3EC1-4FFA-AD37-6EB940645BF9}.v110-static-debug|x86.ActiveCfg = v110-static-debug|Win32
		{658AB9A2-3EC1-4FFA-AD37-6EB940645BF9}.v110-static-debug|x86.Build.0 = v110-static-debug|Win32
		{658AB9A2-3EC1-4FFA-AD37-6EB940645BF9}.v110-static-release|32.ActiveCfg = v110-static-release|Win32
		{658AB9A2-3EC1-4FFA-AD37-6EB940645BF9}.v110-static-release|32.Build.0 = v110-static-release|Win32
		{658AB9A2-3EC1-4FFA-AD37-6EB940645BF9}.v110-static-release|64.ActiveCfg = v110-static-release|x64
		{658AB9A2-3EC1-4FFA-AD37-6EB940645BF9}.v110-static-release|64.Build.0 = v110-static-release|x64
		{658AB9A2-3EC1-4FFA-AD37-6EB940645BF9}.v110-static-release|x64.ActiveCfg = v110-static-release|x64
		{658AB9A2-3EC1-4FFA-AD37-6EB940645BF9}.v110-static-release|x64.Build.0 = v110-static-release|x64
		{658AB9A2-3EC1-4FFA-AD37-6EB940645BF9}.v110-static-release|x86.ActiveCfg = v110-static-release|Win32
		{658AB9A2-3EC1-4FFA-AD37-6EB940645BF9}.v110-static-release|x86.Build.0 = v110-static-release|Win32
		{658AB9A2-3EC1-4FFA-AD37-6EB940645BF9}.v120-dynamic-debug|32.ActiveCfg = v120-dynamic-debug|Win32
		{658AB9A2-3EC1-4FFA-AD37-6EB940645BF9}.v120-dynamic-debug|32.Build.0 = v120-dynamic-debug|Win32
		{658AB9A2-3EC1-4FFA-AD37-6EB940645BF9}.v120-dynamic-debug|64.ActiveCfg = v120-dynamic-debug|x64
		{658AB9A2-3EC1-4FFA-AD37-6EB940645BF9}.v120-dynamic-debug|64.Build.0 = v120-dynamic-debug|x64
		{658AB9A2-3EC1-4FFA-AD37-6EB940645BF9}.v120-dynamic-debug|x64.ActiveCfg = v120-dynamic-debug|x64
		{658AB9A2-3EC1-4FFA-AD37-6EB940645BF9}.v120-dynamic-debug|x64.Build.0 = v120-dynamic-debug|x64
		{658AB9A2-3EC1-4FFA-AD37-6EB940645BF9}.v120-dynamic-debug|x86.ActiveCfg = v120-dynamic-debug|Win32
		{658AB9A2-3EC1-4FFA-AD37-6EB940645BF9}.v120-dynamic-debug|x86.Build.0 = v120-dynamic-debug|Win32
		{658AB9A2-3EC1-4FFA-AD37-6EB940645BF9}.v120-dynamic-debug-dll|32.ActiveCfg = v120-dynamic-debug-dll|Win32
		{658AB9A2-3EC1-4FFA-AD37-6EB940645BF9}.v120-dynamic-debug-dll|32.Build.0 = v120-dynamic-debug-dll|Win32
		{658AB9A2-3EC1-4FFA-AD37-6EB940645BF9}.v120-dynamic-debug-dll|64.ActiveCfg = v120-dynamic-debug-dll|x64
		{658AB9A2-3EC1-4FFA-AD37-6EB940645BF9}.v120-dynamic-debug-dll|64.Build.0 = v120-dynamic-debug-dll|x64
		{658AB9A2-3EC1-4FFA-AD37-6EB940645BF9}.v120-dynamic-debug-dll|x64.ActiveCfg = v120-dynamic-debug-dll|x64
		{658AB9A2-3EC1-4FFA-AD37-6EB940645BF9}.v120-dynamic-debug-dll|x64.Build.0 = v120-dynamic-debug-dll|x64
		{658AB9A2-3EC1-4FFA-AD37-6EB940645BF9}.v120-dynamic-debug-dll|x86.ActiveCfg = v120-dynamic-debug-dll|Win32
		{658AB9A2-3EC1-4FFA-AD37-6EB940645BF9}.v120-dynamic-debug-dll|x86.Build.0 = v120-dynamic-debug-dll|Win32
		{658AB9A2-3EC1-4FFA-AD37-6EB940645BF9}.v120-dynamic-release|32.ActiveCfg = v120-dynamic-release|Win32
		{658AB9A2-3EC1-4FFA-AD37-6EB940645BF9}.v120-dynamic-release|32.Build.0 = v120-dynamic-release|Win32
		{658AB9A2-3EC1-4FFA-AD37-6EB940645BF9}.v120-dynamic-release|64.ActiveCfg = v120-dynamic-release|x64
		{658AB9A2-3EC1-4FFA-AD37-6EB940645BF9}.v120-dynamic-release|64.Build.0 = v120-dynamic-release|x64
		{658AB9A2-3EC1-4FFA-AD37-6EB940645BF9}.v120-dynamic-release|x64.ActiveCfg = v120-dynamic-release|x64
		{658AB9A2-3EC1-4FFA-AD37-6EB940645BF9}.v120-dynamic-release|x64.Build.0 = v120-dynamic-release|x64
		{658AB9A2-3EC1-4FFA-AD37-6EB940645BF9}.v120-dynamic-release|x86.ActiveCfg = v120-dynamic-release|Win32
		{658AB9A2-3EC1-4FFA-AD37-6EB940645BF9}.v120-dynamic-release|x86.Build.0 = v120-dynamic-release|Win32
		{658AB9A2-3EC1-4FFA-AD37-6EB940645BF9}.v120-dynamic-release-dll|32.ActiveCfg = v120-dynamic-release-dll|Win32
		{658AB9A2-3EC1-4FFA-AD37-6EB940645BF9}.v120-dynamic-release-dll|32.Build.0 = v120-dynamic-release-dll|Win32
		{658AB9A2-3EC1-4FFA-AD37-6EB940645BF9}.v120-dynamic-release-dll|64.ActiveCfg = v120-dynamic-release-dll|x64
		{658AB9A2-3EC1-4FFA-AD37-6EB940645BF9}.v120-dynamic-release-dll|64.Build.0 = v120-dynamic-release-dll|x64
		{658AB9A2-3EC1-4FFA-AD37-6EB940645BF9}.v120-dynamic-release-dll|x64.ActiveCfg = v120-dynamic-release-dll|x64
		{658AB9A2-3EC1-4FFA-AD37-6EB940645BF9}.v120-dynamic-release-dll|x64.Build.0 = v120-dynamic-release-dll|x64
		{658AB9A2-3EC1-4FFA-AD37-6EB940645BF9}.v120-dynamic-release-dll|x86.ActiveCfg = v120-dynamic-release-dll|Win32
		{658AB9A2-3EC1-4FFA-AD37-6EB940645BF9}.v120-dynamic-release-dll|x86.Build.0 = v120-dynamic-release-dll|Win32
		{658AB9A2-3EC1-4FFA-AD37-6EB940645BF9}.v120-static-debug|32.ActiveCfg = v120-static-debug|Win32
		{658AB9A2-3EC1-4FFA-AD37-6EB940645BF9}.v120-static-debug|32.Build.0 = v120-static-debug|Win32
		{658AB9A2-3EC1-4FFA-AD37-6EB940645BF9}.v120-static-debug|64.ActiveCfg = v120-static-debug|x64
		{658AB9A2-3EC1-4FFA-AD37-6EB940645BF9}.v120-static-debug|64.Build.0 = v120-static-debug|x64
		{658AB9A2-3EC1-4FFA-AD37-6EB940645BF9}.v120-static-debug|x64.ActiveCfg = v120-static-debug|x64
		{658AB9A2-3EC1-4FFA-AD37-6EB940645BF9}.v120-static-debug|x64.Build.0 = v120-static-debug|x64
		{658AB9A2-3EC1-4FFA-AD37-6EB940645BF9}.v120-static-debug|x86.ActiveCfg = v120-static-debug|Win32
		{658AB9A2-3EC1-4FFA-AD37-6EB940645BF9}.v120-static-debug|x86.Build.0 = v120-static-debug|Win32
		{658AB9A2-3EC1-4FFA-AD37-6EB940645BF9}.v120-static-release|32.ActiveCfg = v120-static-release|Win32
		{658AB9A2-3EC1-4FFA-AD37-6EB940645BF9}.v120-static-release|32.Build.0 = v120-static-release|Win32
		{658AB9A2-3EC1-4FFA-AD37-6EB940645BF9}.v120-static-release|64.ActiveCfg = v120-static-release|x64
		{658AB9A2-3EC1-4FFA-AD37-6EB940645BF9}.v120-static-release|64.Build.0 = v120-static-release|x64
		{658AB9A2-3EC1-4FFA-AD37-6EB940645BF9}.v120-static-release|x64.ActiveCfg = v120-static-release|x64
		{658AB9A2-3EC1-4FFA-AD37-6EB940645BF9}.v120-static-release|x64.Build.0 = v120-static-release|x64
		{658AB9A2-3EC1-4FFA-AD37-6EB940645BF9}.v120-static-release|x86.ActiveCfg = v120-static-release|Win32
		{658AB9A2-3EC1-4FFA-AD37-6EB940645BF9}.v120-static-release|x86.Build.0 = v120-static-release|Win32
		{658AB9A2-3EC1-4FFA-AD37-6EB940645BF9}.v140-dynamic-debug|32.ActiveCfg = v140-dynamic-debug|Win32
		{658AB9A2-3EC1-4FFA-AD37-6EB940645BF9}.v140-dynamic-debug|32.Build.0 = v140-dynamic-debug|Win32
		{658AB9A2-3EC1-4FFA-AD37-6EB940645BF9}.v140-dynamic-debug|64.ActiveCfg = v140-dynamic-debug|x64
		{658AB9A2-3EC1-4FFA-AD37-6EB940645BF9}.v140-dynamic-debug|64.Build.0 = v140-dynamic-debug|x64
		{658AB9A2-3EC1-4FFA-AD37-6EB940645BF9}.v140-dynamic-debug|x64.ActiveCfg = v140-dynamic-debug|x64
		{658AB9A2-3EC1-4FFA-AD37-6EB940645BF9}.v140-dynamic-debug|x64.Build.0 = v140-dynamic-debug|x64
		{658AB9A2-3EC1-4FFA-AD37-6EB940645BF9}.v140-dynamic-debug|x86.ActiveCfg = v140-dynamic-debug|Win32
		{658AB9A2-3EC1-4FFA-AD37-6EB940645BF9}.v140-dynamic-debug|x86.Build.0 = v140-dynamic-debug|Win32
		{658AB9A2-3EC1-4FFA-AD37-6EB940645BF9}.v140-dynamic-debug-dll|32.ActiveCfg = v140-dynamic-debug-dll|Win32
		{658AB9A2-3EC1-4FFA-AD37-6EB940645BF9}.v140-dynamic-debug-dll|32.Build.0 = v140-dynamic-debug-dll|Win32
		{658AB9A2-3EC1-4FFA-AD37-6EB940645BF9}.v140-dynamic-debug-dll|64.ActiveCfg = v140-dynamic-debug-dll|x64
		{658AB9A2-3EC1-4FFA-AD37-6EB940645BF9}.v140-dynamic-debug-dll|64.Build.0 = v140-dynamic-debug-dll|x64
		{658AB9A2-3EC1-4FFA-AD37-6EB940645BF9}.v140-dynamic-debug-dll|x64.ActiveCfg = v140-dynamic-debug-dll|x64
		{658AB9A2-3EC1-4FFA-AD37-6EB940645BF9}.v140-dynamic-debug-dll|x64.Build.0 = v140-dynamic-debug-dll|x64
		{658AB9A2-3EC1-4FFA-AD37-6EB940645BF9}.v140-dynamic-debug-dll|x86.ActiveCfg = v140-dynamic-debug-dll|Win32
		{658AB9A2-3EC1-4FFA-AD37-6EB940645BF9}.v140-dynamic-debug-dll|x86.Build.0 = v140-dynamic-debug-dll|Win32
		{658AB9A2-3EC1-4FFA-AD37-6EB940645BF9}.v140-dynamic-release|32.ActiveCfg = v140-dynamic-release|Win32
		{658AB9A2-3EC1-4FFA-AD37-6EB940645BF9}.v140-dynamic-release|32.Build.0 = v140-dynamic-release|Win32
		{658AB9A2-3EC1-4FFA-AD37-6EB940645BF9}.v140-dynamic-release|64.ActiveCfg = v140-dynamic-release|x64
		{658AB9A2-3EC1-4FFA-AD37-6EB940645BF9}.v140-dynamic-release|64.Build.0 = v140-dynamic-release|x64
		{658AB9A2-3EC1-4FFA-AD37-6EB940645BF9}.v140-dynamic-release|x64.ActiveCfg = v140-dynamic-release|x64
		{658AB9A2-3EC1-4FFA-AD37-6EB940645BF9}.v140-dynamic-release|x64.Build.0 = v140-dynamic-release|x64
		{658AB9A2-3EC1-4FFA-AD37-6EB940645BF9}.v140-dynamic-release|x86.ActiveCfg = v140-dynamic-release|Win32
		{658AB9A2-3EC1-4FFA-AD37-6EB940645BF9}.v140-dynamic-release|x86.Build.0 = v140-dynamic-release|Win32
		{658AB9A2-3EC1-4FFA-AD37-6EB940645BF9}.v140-dynamic-release-dll|32.ActiveCfg = v140-dynamic-release-dll|Win32
		{658AB9A2-3EC1-4FFA-AD37-6EB940645BF9}.v140-dynamic-release-dll|32.Build.0 = v140-dynamic-release-dll|Win32
		{658AB9A2-3EC1-4FFA-AD37-6EB940645BF9}.v140-dynamic-release-dll|64.ActiveCfg = v140-dynamic-release-dll|x64
		{658AB9A2-3EC1-4FFA-AD37-6EB940645BF9}.v140-dynamic-release-dll|64.Build.0 = v140-dynamic-release-dll|x64
		{658AB9A2-3EC1-4FFA-AD37-6EB940645BF9}.v140-dynamic-release-dll|x64.ActiveCfg = v140-dynamic-release-dll|x64
		{658AB9A2-3EC1-4FFA-AD37-6EB940645BF9}.v140-dynamic-release-dll|x64.Build.0 = v140-dynamic-release-dll|x64
		{658AB9A2-3EC1-4FFA-AD37-6EB940645BF9}.v140-dynamic-release-dll|x86.ActiveCfg = v140-dynamic-release-dll|Win32
		{658AB9A2-3EC1-4FFA-AD37-6EB940645BF9}.v140-dynamic-release-dll|x86.Build.0 = v140-dynamic-release-dll|Win32
		{658AB9A2-3EC1-4FFA-AD37-6EB940645BF9}.v140-static-debug|32.ActiveCfg = v140-static-debug|Win32
		{658AB9A2-3EC1-4FFA-AD37-6EB940645BF9}.v140-static-debug|32.Build.0 = v140-static-debug|Win32
		{658AB9A2-3EC1-4FFA-AD37-6EB940645BF9}.v140-static-debug|64.ActiveCfg = v140-static-debug|x64
		{658AB9A2-3EC1-4FFA-AD37-6EB940645BF9}.v140-static-debug|64.Build.0 = v140-static-debug|x64
		{658AB9A2-3EC1-4FFA-AD37-6EB940645BF9}.v140-static-debug|x64.ActiveCfg = v140-static-debug|x64
		{658AB9A2-3EC1-4FFA-AD37-6EB940645BF9}.v140-static-debug|x64.Build.0 = v140-static-debug|x64
		{658AB9A2-3EC1-4FFA-AD37-6EB940645BF9}.v140-static-debug|x86.ActiveCfg = v140-static-debug|Win32
		{658AB9A2-3EC1-4FFA-AD37-6EB940645BF9}.v140-static-debug|x86.Build.0 = v140-static-debug|Win32
		{658AB9A2-3EC1-4FFA-AD37-6EB940645BF9}.v140-static-release|32.ActiveCfg = v140-static-release|Win32
		{658AB9A2-3EC1-4FFA-AD37-6EB940645BF9}.v140-static-release|32.Build.0 = v140-static-release|Win32
		{658AB9A2-3EC1-4FFA-AD37-6EB940645BF9}.v140-static-release|64.ActiveCfg = v140-static-release|x64
		{658AB9A2-3EC1-4FFA-AD37-6EB940645BF9}.v140-static-release|64.Build.0 = v140-static-release|x64
		{658AB9A2-3EC1-4FFA-AD37-6EB940645BF9}.v140-static-release|x64.ActiveCfg = v140-static-release|x64
		{658AB9A2-3EC1-4FFA-AD37-6EB940645BF9}.v140-static-release|x64.Build.0 = v140-static-release|x64
		{658AB9A2-3EC1-4FFA-AD37-6EB940645BF9}.v140-static-release|x86.ActiveCfg = v140-static-release|Win32
		{658AB9A2-3EC1-4FFA-AD37-6EB940645BF9}.v140-static-release|x86.Build.0 = v140-static-release|Win32
		{CF665312-467C-472D-8AD9-EF4B4244E4FF}.v100-dynamic-debug|32.ActiveCfg = v100-dynamic-debug|Win32
		{CF665312-467C-472D-8AD9-EF4B4244E4FF}.v100-dynamic-debug|32.Build.0 = v100-dynamic-debug|Win32
		{CF665312-467C-472D-8AD9-EF4B4244E4FF}.v100-dynamic-debug|64.ActiveCfg = v100-dynamic-debug|x64
		{CF665312-467C-472D-8AD9-EF4B4244E4FF}.v100-dynamic-debug|x64.ActiveCfg = v100-dynamic-debug|x64
		{CF665312-467C-472D-8AD9-EF4B4244E4FF}.v100-dynamic-debug|x64.Build.0 = v100-dynamic-debug|x64
		{CF665312-467C-472D-8AD9-EF4B4244E4FF}.v100-dynamic-debug|x86.ActiveCfg = v100-dynamic-debug|Win32
		{CF665312-467C-472D-8AD9-EF4B4244E4FF}.v100-dynamic-debug|x86.Build.0 = v100-dynamic-debug|Win32
		{CF665312-467C-472D-8AD9-EF4B4244E4FF}.v100-dynamic-debug-dll|32.ActiveCfg = v100-dynamic-debug-dll|Win32
		{CF665312-467C-472D-8AD9-EF4B4244E4FF}.v100-dynamic-debug-dll|32.Build.0 = v100-dynamic-debug-dll|Win32
		{CF665312-467C-472D-8AD9-EF4B4244E4FF}.v100-dynamic-debug-dll|64.ActiveCfg = v100-dynamic-debug-dll|x64
		{CF665312-467C-472D-8AD9-EF4B4244E4FF}.v100-dynamic-debug-dll|x64.ActiveCfg = v100-dynamic-debug-dll|x64
		{CF665312-467C-472D-8AD9-EF4B4244E4FF}.v100-dynamic-debug-dll|x64.Build.0 = v100-dynamic-debug-dll|x64
		{CF665312-467C-472D-8AD9-EF4B4244E4FF}.v100-dynamic-debug-dll|x86.ActiveCfg = v100-dynamic-debug-dll|Win32
		{CF665312-467C-472D-8AD9-EF4B4244E4FF}.v100-dynamic-debug-dll|x86.Build.0 = v100-dynamic-debug-dll|Win32
		{CF665312-467C-472D-8AD9-EF4B4244E4FF}.v100-dynamic-release|32.ActiveCfg = v100-dynamic-release|Win32
		{CF665312-467C-472D-8AD9-EF4B4244E4FF}.v100-dynamic-release|64.ActiveCfg = v100-dynamic-release|x64
		{CF665312-467C-472D-8AD9-EF4B4244E4FF}.v100-dynamic-release|x64.ActiveCfg = v100-dynamic-release|x64
		{CF665312-467C-472D-8AD9-EF4B4244E4FF}.v100-dynamic-release|x64.Build.0 = v100-dynamic-release|x64
		{CF665312-467C-472D-8AD9-EF4B4244E4FF}.v100-dynamic-release|x86.ActiveCfg = v100-dynamic-release|Win32
		{CF665312-467C-472D-8AD9-EF4B4244E4FF}.v100-dynamic-release|x86.Build.0 = v100-dynamic-release|Win32
		{CF665312-467C-472D-8AD9-EF4B4244E4FF}.v100-dynamic-release-dll|32.ActiveCfg = v100-dynamic-release-dll|Win32
		{CF665312-467C-472D-8AD9-EF4B4244E4FF}.v100-dynamic-release-dll|32.Build.0 = v100-dynamic-release-dll|Win32
		{CF665312-467C-472D-8AD9-EF4B4244E4FF}.v100-dynamic-release-dll|64.ActiveCfg = v100-dynamic-release-dll|x64
		{CF665312-467C-472D-8AD9-EF4B4244E4FF}.v100-dynamic-release-dll|x64.ActiveCfg = v100-dynamic-release-dll|x64
		{CF665312-467C-472D-8AD9-EF4B4244E4FF}.v100-dynamic-release-dll|x64.Build.0 = v100-dynamic-release-dll|x64
		{CF665312-467C-472D-8AD9-EF4B4244E4FF}.v100-dynamic-release-dll|x86.ActiveCfg = v100-dynamic-release-dll|Win32
		{CF665312-467C-472D-8AD9-EF4B4244E4FF}.v100-dynamic-release-dll|x86.Build.0 = v100-dynamic-release-dll|Win32
		{CF665312-467C-472D-8AD9-EF4B4244E4FF}.v100-static-debug|32.ActiveCfg = v100-static-debug|Win32
		{CF665312-467C-472D-8AD9-EF4B4244E4FF}.v100-static-debug|32.Build.0 = v100-static-debug|Win32
		{CF665312-467C-472D-8AD9-EF4B4244E4FF}.v100-static-debug|64.ActiveCfg = v100-static-debug|x64
		{CF665312-467C-472D-8AD9-EF4B4244E4FF}.v100-static-debug|x64.ActiveCfg = v100-static-debug|x64
		{CF665312-467C-472D-8AD9-EF4B4244E4FF}.v100-static-debug|x64.Build.0 = v100-static-debug|x64
		{CF665312-467C-472D-8AD9-EF4B4244E4FF}.v100-static-debug|x86.ActiveCfg = v100-static-debug|Win32
		{CF665312-467C-472D-8AD9-EF4B4244E4FF}.v100-static-debug|x86.Build.0 = v100-static-debug|Win32
		{CF665312-467C-472D-8AD9-EF4B4244E4FF}.v100-static-release|32.ActiveCfg = v100-static-release|Win32
		{CF665312-467C-472D-8AD9-EF4B4244E4FF}.v100-static-release|64.ActiveCfg = v100-static-release|x64
		{CF665312-467C-472D-8AD9-EF4B4244E4FF}.v100-static-release|x64.ActiveCfg = v100-static-release|x64
		{CF665312-467C-472D-8AD9-EF4B4244E4FF}.v100-static-release|x64.Build.0 = v100-static-release|x64
		{CF665312-467C-472D-8AD9-EF4B4244E4FF}.v100-static-release|x86.ActiveCfg = v100-static-release|Win32
		{CF665312-467C-472D-8AD9-EF4B4244E4FF}.v100-static-release|x86.Build.0 = v100-static-release|Win32
		{CF665312-467C-472D-8AD9-EF4B4244E4FF}.v110-dynamic-debug|32.ActiveCfg = v110-dynamic-debug|Win32
		{CF665312-467C-472D-8AD9-EF4B4244E4FF}.v110-dynamic-debug|64.ActiveCfg = v110-dynamic-debug|x64
		{CF665312-467C-472D-8AD9-EF4B4244E4FF}.v110-dynamic-debug|64.Build.0 = v110-dynamic-debug|x64
		{CF665312-467C-472D-8AD9-EF4B4244E4FF}.v110-dynamic-debug|x64.ActiveCfg = v110-dynamic-debug|x64
		{CF665312-467C-472D-8AD9-EF4B4244E4FF}.v110-dynamic-debug|x64.Build.0 = v110-dynamic-debug|x64
		{CF665312-467C-472D-8AD9-EF4B4244E4FF}.v110-dynamic-debug|x86.ActiveCfg = v110-dynamic-debug|Win32
		{CF665312-467C-472D-8AD9-EF4B4244E4FF}.v110-dynamic-debug|x86.Build.0 = v110-dynamic-debug|Win32
		{CF665312-467C-472D-8AD9-EF4B4244E4FF}.v110-dynamic-debug-dll|32.ActiveCfg = v110-dynamic-debug-dll|Win32
		{CF665312-467C-472D-8AD9-EF4B4244E4FF}.v110-dynamic-debug-dll|64.ActiveCfg = v110-dynamic-debug-dll|x64
		{CF665312-467C-472D-8AD9-EF4B4244E4FF}.v110-dynamic-debug-dll|64.Build.0 = v110-dynamic-debug-dll|x64
		{CF665312-467C-472D-8AD9-EF4B4244E4FF}.v110-dynamic-debug-dll|x64.ActiveCfg = v110-dynamic-debug-dll|x64
		{CF665312-467C-472D-8AD9-EF4B4244E4FF}.v110-dynamic-debug-dll|x64.Build.0 = v110-dynamic-debug-dll|x64
		{CF665312-467C-472D-8AD9-EF4B4244E4FF}.v110-dynamic-debug-dll|x86.ActiveCfg = v110-dynamic-debug-dll|Win32
		{CF665312-467C-472D-8AD9-EF4B4244E4FF}.v110-dynamic-debug-dll|x86.Build.0 = v110-dynamic-debug-dll|Win32
		{CF665312-467C-472D-8AD9-EF4B4244E4FF}.v110-dynamic-release|32.ActiveCfg = v110-dynamic-release|Win32
		{CF665312-467C-472D-8AD9-EF4B4244E4FF}.v110-dynamic-release|64.ActiveCfg = v110-dynamic-release|x64
		{CF665312-467C-472D-8AD9-EF4B4244E4FF}.v110-dynamic-release|64.Build.0 = v110-dynamic-release|x64
		{CF665312-467C-472D-8AD9-EF4B4244E4FF}.v110-dynamic-release|x64.ActiveCfg = v110-dynamic-release|x64
		{CF665312-467C-472D-8AD9-EF4B4244E4FF}.v110-dynamic-release|x64.Build.0 = v110-dynamic-release|x64
		{CF665312-467C-472D-8AD9-EF4B4244E4FF}.v110-dynamic-release|x86.ActiveCfg = v110-dynamic-release|Win32
		{CF665312-467C-472D-8AD9-EF4B4244E4FF}.v110-dynamic-release|x86.Build.0 = v110-dynamic-release|Win32
		{CF665312-467C-472D-8AD9-EF4B4244E4FF}.v110-dynamic-release-dll|32.ActiveCfg = v110-dynamic-release-dll|Win32
		{CF665312-467C-472D-8AD9-EF4B4244E4FF}.v110-dynamic-release-dll|64.ActiveCfg = v110-dynamic-release-dll|x64
		{CF665312-467C-472D-8AD9-EF4B4244E4FF}.v110-dynamic-release-dll|64.Build.0 = v110-dynamic-release-dll|x64
		{CF665312-467C-472D-8AD9-EF4B4244E4FF}.v110-dynamic-release-dll|x64.ActiveCfg = v110-dynamic-release-dll|x64
		{CF665312-467C-472D-8AD9-EF4B4244E4FF}.v110-dynamic-release-dll|x64.Build.0 = v110-dynamic-release-dll|x64
		{CF665312-467C-472D-8AD9-EF4B4244E4FF}.v110-dynamic-release-dll|x86.ActiveCfg = v110-dynamic-release-dll|Win32
		{CF665312-467C-472D-8AD9-EF4B4244E4FF}.v110-dynamic-release-dll|x86.Build.0 = v110-dynamic-release-dll|Win32
		{CF665312-467C-472D-8AD9-EF4B4244E4FF}.v110-static-debug|32.ActiveCfg = v110-static-debug|Win32
		{CF665312-467C-472D-8AD9-EF4B4244E4FF}.v110-static-debug|64.ActiveCfg = v110-static-debug|x64
		{CF665312-467C-472D-8AD9-EF4B4244E4FF}.v110-static-debug|64.Build.0 = v110-static-debug|x64
		{CF665312-467C-472D-8AD9-EF4B4244E4FF}.v110-static-debug|x64.ActiveCfg = v110-static-debug|x64
		{CF665312-467C-472D-8AD9-EF4B4244E4FF}.v110-static-debug|x64.Build.0 = v110-static-debug|x64
		{CF665312-467C-472D-8AD9-EF4B4244E4FF}.v110-static-debug|x86.ActiveCfg = v110-static-debug|Win32
		{CF665312-467C-472D-8AD9-EF4B4244E4FF}.v110-static-debug|x86.Build.0 = v110-static-debug|Win32
		{CF665312-467C-472D-8AD9-EF4B4244E4FF}.v110-static-release|32.ActiveCfg = v110-static-release|Win32
		{CF665312-467C-472D-8AD9-EF4B4244E4FF}.v110-static-release|64.ActiveCfg = v110-static-release|x64
		{CF665312-467C-472D-8AD9-EF4B4244E4FF}.v110-static-release|64.Build.0 = v110-static-release|x64
		{CF665312-467C-472D-8AD9-EF4B4244E4FF}.v110-static-release|x64.ActiveCfg = v110-static-release|x64
		{CF665312-467C-472D-8AD9-EF4B4244E4FF}.v110-static-release|x64.Build.0 = v110-static-release|x64
		{CF665312-467C-472D-8AD9-EF4B4244E4FF}.v110-static-release|x86.ActiveCfg = v110-static-release|Win32
		{CF665312-467C-472D-8AD9-EF4B4244E4FF}.v110-static-release|x86.Build.0 = v110-static-release|Win32
		{CF665312-467C-472D-8AD9-EF4B4244E4FF}.v120-dynamic-debug|32.ActiveCfg = v120-dynamic-debug|Win32
		{CF665312-467C-472D-8AD9-EF4B4244E4FF}.v120-dynamic-debug|32.Build.0 = v120-dynamic-debug|Win32
		{CF665312-467C-472D-8AD9-EF4B4244E4FF}.v120-dynamic-debug|64.ActiveCfg = v120-dynamic-debug|x64
		{CF665312-467C-472D-8AD9-EF4B4244E4FF}.v120-dynamic-debug|x64.ActiveCfg = v120-dynamic-debug|x64
		{CF665312-467C-472D-8AD9-EF4B4244E4FF}.v120-dynamic-debug|x64.Build.0 = v120-dynamic-debug|x64
		{CF665312-467C-472D-8AD9-EF4B4244E4FF}.v120-dynamic-debug|x86.ActiveCfg = v120-dynamic-debug|Win32
		{CF665312-467C-472D-8AD9-EF4B4244E4FF}.v120-dynamic-debug|x86.Build.0 = v120-dynamic-debug|Win32
		{CF665312-467C-472D-8AD9-EF4B4244E4FF}.v120-dynamic-debug-dll|32.ActiveCfg = v120-dynamic-debug-dll|Win32
		{CF665312-467C-472D-8AD9-EF4B4244E4FF}.v120-dynamic-debug-dll|32.Build.0 = v120-dynamic-debug-dll|Win32
		{CF665312-467C-472D-8AD9-EF4B4244E4FF}.v120-dynamic-debug-dll|64.ActiveCfg = v120-dynamic-debug-dll|x64
		{CF665312-467C-472D-8AD9-EF4B4244E4FF}.v120-dynamic-debug-dll|x64.ActiveCfg = v120-dynamic-debug-dll|x64
		{CF665312-467C-472D-8AD9-EF4B4244E4FF}.v120-dynamic-debug-dll|x64.Build.0 = v120-dynamic-debug-dll|x64
		{CF665312-467C-472D-8AD9-EF4B4244E4FF}.v120-dynamic-debug-dll|x86.ActiveCfg = v120-dynamic-debug-dll|Win32
		{CF665312-467C-472D-8AD9-EF4B4244E4FF}.v120-dynamic-debug-dll|x86.Build.0 = v120-dynamic-debug-dll|Win32
		{CF665312-467C-472D-8AD9-EF4B4244E4FF}.v120-dynamic-release|32.ActiveCfg = v120-dynamic-release|Win32
		{CF665312-467C-472D-8AD9-EF4B4244E4FF}.v120-dynamic-release|64.ActiveCfg = v120-dynamic-release|x64
		{CF665312-467C-472D-8AD9-EF4B4244E4FF}.v120-dynamic-release|x64.ActiveCfg = v120-dynamic-release|x64
		{CF665312-467C-472D-8AD9-EF4B4244E4FF}.v120-dynamic-release|x64.Build.0 = v120-dynamic-release|x64
		{CF665312-467C-472D-8AD9-EF4B4244E4FF}.v120-dynamic-release|x86.ActiveCfg = v120-dynamic-release|Win32
		{CF665312-467C-472D-8AD9-EF4B4244E4FF}.v120-dynamic-release|x86.Build.0 = v120-dynamic-release|Win32
		{CF665312-467C-472D-8AD9-EF4B4244E4FF}.v120-dynamic-release-dll|32.ActiveCfg = v120-dynamic-release-dll|Win32
		{CF665312-467C-472D-8AD9-EF4B4244E4FF}.v120-dynamic-release-dll|32.Build.0 = v120-dynamic-release-dll|Win32
		{CF665312-467C-472D-8AD9-EF4B4244E4FF}.v120-dynamic-release-dll|64.ActiveCfg = v120-dynamic-release-dll|x64
		{CF665312-467C-472D-8AD9-EF4B4244E4FF}.v120-dynamic-release-dll|x64.ActiveCfg = v120-dynamic-release-dll|x64
		{CF665312-467C-472D-8AD9-EF4B4244E4FF}.v120-dynamic-release-dll|x64.Build.0 = v120-dynamic-release-dll|x64
		{CF665312-467C-472D-8AD9-EF4B4244E4FF}.v120-dynamic-release-dll|x86.ActiveCfg = v120-dynamic-release-dll|Win32
		{CF665312-467C-472D-8AD9-EF4B4244E4FF}.v120-dynamic-release-dll|x86.Build.0 = v120-dynamic-release-dll|Win32
		{CF665312-467C-472D-8AD9-EF4B4244E4FF}.v120-static-debug|32.ActiveCfg = v120-static-debug|Win32
		{CF665312-467C-472D-8AD9-EF4B4244E4FF}.v120-static-debug|32.Build.0 = v120-static-debug|Win32
		{CF665312-467C-472D-8AD9-EF4B4244E4FF}.v120-static-debug|64.ActiveCfg = v120-static-debug|x64
		{CF665312-467C-472D-8AD9-EF4B4244E4FF}.v120-static-debug|x64.ActiveCfg = v120-static-debug|x64
		{CF665312-467C-472D-8AD9-EF4B4244E4FF}.v120-static-debug|x64.Build.0 = v120-static-debug|x64
		{CF665312-467C-472D-8AD9-EF4B4244E4FF}.v120-static-debug|x86.ActiveCfg = v120-static-debug|Win32
		{CF665312-467C-472D-8AD9-EF4B4244E4FF}.v120-static-debug|x86.Build.0 = v120-static-debug|Win32
		{CF665312-467C-472D-8AD9-EF4B4244E4FF}.v120-static-release|32.ActiveCfg = v120-static-release|Win32
		{CF665312-467C-472D-8AD9-EF4B4244E4FF}.v120-static-release|64.ActiveCfg = v120-static-release|x64
		{CF665312-467C-472D-8AD9-EF4B4244E4FF}.v120-static-release|x64.ActiveCfg = v120-static-release|x64
		{CF665312-467C-472D-8AD9-EF4B4244E4FF}.v120-static-release|x64.Build.0 = v120-static-release|x64
		{CF665312-467C-472D-8AD9-EF4B4244E4FF}.v120-static-release|x86.ActiveCfg = v120-static-release|Win32
		{CF665312-467C-472D-8AD9-EF4B4244E4FF}.v120-static-release|x86.Build.0 = v120-static-release|Win32
		{CF665312-467C-472D-8AD9-EF4B4244E4FF}.v140-dynamic-debug|32.ActiveCfg = v140-dynamic-debug|Win32
		{CF665312-467C-472D-8AD9-EF4B4244E4FF}.v140-dynamic-debug|32.Build.0 = v140-dynamic-debug|Win32
		{CF665312-467C-472D-8AD9-EF4B4244E4FF}.v140-dynamic-debug|64.ActiveCfg = v140-dynamic-debug|x64
		{CF665312-467C-472D-8AD9-EF4B4244E4FF}.v140-dynamic-debug|64.Build.0 = v140-dynamic-debug|x64
		{CF665312-467C-472D-8AD9-EF4B4244E4FF}.v140-dynamic-debug|x64.ActiveCfg = v140-dynamic-debug|x64
		{CF665312-467C-472D-8AD9-EF4B4244E4FF}.v140-dynamic-debug|x64.Build.0 = v140-dynamic-debug|x64
		{CF665312-467C-472D-8AD9-EF4B4244E4FF}.v140-dynamic-debug|x86.ActiveCfg = v140-dynamic-debug|Win32
		{CF665312-467C-472D-8AD9-EF4B4244E4FF}.v140-dynamic-debug|x86.Build.0 = v140-dynamic-debug|Win32
		{CF665312-467C-472D-8AD9-EF4B4244E4FF}.v140-dynamic-debug-dll|32.ActiveCfg = v140-dynamic-debug-dll|Win32
		{CF665312-467C-472D-8AD9-EF4B4244E4FF}.v140-dynamic-debug-dll|32.Build.0 = v140-dynamic-debug-dll|Win32
		{CF665312-467C-472D-8AD9-EF4B4244E4FF}.v140-dynamic-debug-dll|64.ActiveCfg = v140-dynamic-debug-dll|x64
		{CF665312-467C-472D-8AD9-EF4B4244E4FF}.v140-dynamic-debug-dll|x64.ActiveCfg = v140-dynamic-debug-dll|x64
		{CF665312-467C-472D-8AD9-EF4B4244E4FF}.v140-dynamic-debug-dll|x64.Build.0 = v140-dynamic-debug-dll|x64
		{CF665312-467C-472D-8AD9-EF4B4244E4FF}.v140-dynamic-debug-dll|x86.ActiveCfg = v140-dynamic-debug-dll|Win32
		{CF665312-467C-472D-8AD9-EF4B4244E4FF}.v140-dynamic-debug-dll|x86.Build.0 = v140-dynamic-debug-dll|Win32
		{CF665312-467C-472D-8AD9-EF4B4244E4FF}.v140-dynamic-release|32.ActiveCfg = v140-dynamic-release|Win32
		{CF665312-467C-472D-8AD9-EF4B4244E4FF}.v140-dynamic-release|64.ActiveCfg = v140-dynamic-release|x64
		{CF665312-467C-472D-8AD9-EF4B4244E4FF}.v140-dynamic-release|x64.ActiveCfg = v140-dynamic-release|x64
		{CF665312-467C-472D-8AD9-EF4B4244E4FF}.v140-dynamic-release|x64.Build.0 = v140-dynamic-release|x64
		{CF665312-467C-472D-8AD9-EF4B4244E4FF}.v140-dynamic-release|x86.ActiveCfg = v140-dynamic-release|Win32
		{CF665312-467C-472D-8AD9-EF4B4244E4FF}.v140-dynamic-release|x86.Build.0 = v140-dynamic-release|Win32
		{CF665312-467C-472D-8AD9-EF4B4244E4FF}.v140-dynamic-release-dll|32.ActiveCfg = v140-dynamic-release-dll|Win32
		{CF665312-467C-472D-8AD9-EF4B4244E4FF}.v140-dynamic-release-dll|32.Build.0 = v140-dynamic-release-dll|Win32
		{CF665312-467C-472D-8AD9-EF4B4244E4FF}.v140-dynamic-release-dll|64.ActiveCfg = v140-dynamic-release-dll|x64
		{CF665312-467C-472D-8AD9-EF4B4244E4FF}.v140-dynamic-release-dll|x64.ActiveCfg = v140-dynamic-release-dll|x64
		{CF665312-467C-472D-8AD9-EF4B4244E4FF}.v140-dynamic-release-dll|x64.Build.0 = v140-dynamic-release-dll|x64
		{CF665312-467C-472D-8AD9-EF4B4244E4FF}.v140-dynamic-release-dll|x86.ActiveCfg = v140-dynamic-release-dll|Win32
		{CF665312-467C-472D-8AD9-EF4B4244E4FF}.v140-dynamic-release-dll|x86.Build.0 = v140-dynamic-release-dll|Win32
		{CF665312-467C-472D-8AD9-EF4B4244E4FF}.v140-static-debug|32.ActiveCfg = v140-static-debug|Win32
		{CF665312-467C-472D-8AD9-EF4B4244E4FF}.v140-static-debug|32.Build.0 = v140-static-debug|Win32
		{CF665312-467C-472D-8AD9-EF4B4244E4FF}.v140-static-debug|64.ActiveCfg = v140-static-debug|x64
		{CF665312-467C-472D-8AD9-EF4B4244E4FF}.v140-static-debug|64.Build.0 = v140-static-debug|x64
		{CF665312-467C-472D-8AD9-EF4B4244E4FF}.v140-static-debug|x64.ActiveCfg = v140-static-debug|x64
		{CF665312-467C-472D-8AD9-EF4B4244E4FF}.v140-static-debug|x64.Build.0 = v140-static-debug|x64
		{CF665312-467C-472D-8AD9-EF4B4244E4FF}.v140-static-debug|x86.ActiveCfg = v140-static-debug|Win32
		{CF665312-467C-472D-8AD9-EF4B4244E4FF}.v140-static-debug|x86.Build.0 = v140-static-debug|Win32
		{CF665312-467C-472D-8AD9-EF4B4244E4FF}.v140-static-release|32.ActiveCfg = v140-static-release|Win32
		{CF665312-467C-472D-8AD9-EF4B4244E4FF}.v140-static-release|32.Build.0 = v140-static-release|Win32
		{CF665312-467C-472D-8AD9-EF4B4244E4FF}.v140-static-release|64.ActiveCfg = v140-static-release|x64
		{CF665312-467C-472D-8AD9-EF4B4244E4FF}.v140-static-release|64.Build.0 = v140-static-release|x64
		{CF665312-467C-472D-8AD9-EF4B4244E4FF}.v140-static-release|x64.ActiveCfg = v140-static-release|x64
		{CF665312-467C-472D-8AD9-EF4B4244E4FF}.v140-static-release|x64.Build.0 = v140-static-release|x64
		{CF665312-467C-472D-8AD9-EF4B4244E4FF}.v140-static-release|x86.ActiveCfg = v140-static-release|Win32
		{CF665312-467C-472D-8AD9-EF4B4244E4FF}.v140-static-release|x86.Build.0 = v140-static-release|Win32
		{B2536E8F-3AFF-493F-8AB0-148FF2852EDA}.v100-dynamic-debug|32.ActiveCfg = Release|x64
		{B2536E8F-3AFF-493F-8AB0-148FF2852EDA}.v100-dynamic-debug|32.Build.0 = Release|x64
		{B2536E8F-3AFF-493F-8AB0-148FF2852EDA}.v100-dynamic-debug|64.ActiveCfg = Release|x64
		{B2536E8F-3AFF-493F-8AB0-148FF2852EDA}.v100-dynamic-debug|64.Build.0 = Release|x64
		{B2536E8F-3AFF-493F-8AB0-148FF2852EDA}.v100-dynamic-debug|x64.ActiveCfg = Release|x64
		{B2536E8F-3AFF-493F-8AB0-148FF2852EDA}.v100-dynamic-debug|x64.Build.0 = Release|x64
		{B2536E8F-3AFF-493F-8AB0-148FF2852EDA}.v100-dynamic-debug|x86.ActiveCfg = Release|Win32
		{B2536E8F-3AFF-493F-8AB0-148FF2852EDA}.v100-dynamic-debug|x86.Build.0 = Release|Win32
		{B2536E8F-3AFF-493F-8AB0-148FF2852EDA}.v100-dynamic-debug-dll|32.ActiveCfg = Release|x64
		{B2536E8F-3AFF-493F-8AB0-148FF2852EDA}.v100-dynamic-debug-dll|32.Build.0 = Release|x64
		{B2536E8F-3AFF-493F-8AB0-148FF2852EDA}.v100-dynamic-debug-dll|64.ActiveCfg = Release|x64
		{B2536E8F-3AFF-493F-8AB0-148FF2852EDA}.v100-dynamic-debug-dll|64.Build.0 = Release|x64
		{B2536E8F-3AFF-493F-8AB0-148FF2852EDA}.v100-dynamic-debug-dll|x64.ActiveCfg = Release|x64
		{B2536E8F-3AFF-493F-8AB0-148FF2852EDA}.v100-dynamic-debug-dll|x64.Build.0 = Release|x64
		{B2536E8F-3AFF-493F-8AB0-148FF2852EDA}.v100-dynamic-debug-dll|x86.ActiveCfg = Release|Win32
		{B2536E8F-3AFF-493F-8AB0-148FF2852EDA}.v100-dynamic-debug-dll|x86.Build.0 = Release|Win32
		{B2536E8F-3AFF-493F-8AB0-148FF2852EDA}.v100-dynamic-release|32.ActiveCfg = Release|x64
		{B2536E8F-3AFF-493F-8AB0-148FF2852EDA}.v100-dynamic-release|32.Build.0 = Release|x64
		{B2536E8F-3AFF-493F-8AB0-148FF2852EDA}.v100-dynamic-release|64.ActiveCfg = Release|x64
		{B2536E8F-3AFF-493F-8AB0-148FF2852EDA}.v100-dynamic-release|64.Build.0 = Release|x64
		{B2536E8F-3AFF-493F-8AB0-148FF2852EDA}.v100-dynamic-release|x64.ActiveCfg = Release|x64
		{B2536E8F-3AFF-493F-8AB0-148FF2852EDA}.v100-dynamic-release|x64.Build.0 = Release|x64
		{B2536E8F-3AFF-493F-8AB0-148FF2852EDA}.v100-dynamic-release|x86.ActiveCfg = Release|Win32
		{B2536E8F-3AFF-493F-8AB0-148FF2852EDA}.v100-dynamic-release|x86.Build.0 = Release|Win32
		{B2536E8F-3AFF-493F-8AB0-148FF2852EDA}.v100-dynamic-release-dll|32.ActiveCfg = Release|x64
		{B2536E8F-3AFF-493F-8AB0-148FF2852EDA}.v100-dynamic-release-dll|32.Build.0 = Release|x64
		{B2536E8F-3AFF-493F-8AB0-148FF2852EDA}.v100-dynamic-release-dll|64.ActiveCfg = Release|x64
		{B2536E8F-3AFF-493F-8AB0-148FF2852EDA}.v100-dynamic-release-dll|64.Build.0 = Release|x64
		{B2536E8F-3AFF-493F-8AB0-148FF2852EDA}.v100-dynamic-release-dll|x64.ActiveCfg = Release|x64
		{B2536E8F-3AFF-493F-8AB0-148FF2852EDA}.v100-dynamic-release-dll|x64.Build.0 = Release|x64
		{B2536E8F-3AFF-493F-8AB0-148FF2852EDA}.v100-dynamic-release-dll|x86.ActiveCfg = Release|Win32
		{B2536E8F-3AFF-493F-8AB0-148FF2852EDA}.v100-dynamic-release-dll|x86.Build.0 = Release|Win32
		{B2536E8F-3AFF-493F-8AB0-148FF2852EDA}.v100-static-debug|32.ActiveCfg = Release|x64
		{B2536E8F-3AFF-493F-8AB0-148FF2852EDA}.v100-static-debug|32.Build.0 = Release|x64
		{B2536E8F-3AFF-493F-8AB0-148FF2852EDA}.v100-static-debug|64.ActiveCfg = Release|x64
		{B2536E8F-3AFF-493F-8AB0-148FF2852EDA}.v100-static-debug|64.Build.0 = Release|x64
		{B2536E8F-3AFF-493F-8AB0-148FF2852EDA}.v100-static-debug|x64.ActiveCfg = Release|x64
		{B2536E8F-3AFF-493F-8AB0-148FF2852EDA}.v100-static-debug|x64.Build.0 = Release|x64
		{B2536E8F-3AFF-493F-8AB0-148FF2852EDA}.v100-static-debug|x86.ActiveCfg = Release|Win32
		{B2536E8F-3AFF-493F-8AB0-148FF2852EDA}.v100-static-debug|x86.Build.0 = Release|Win32
		{B2536E8F-3AFF-493F-8AB0-148FF2852EDA}.v100-static-release|32.ActiveCfg = Release|x64
		{B2536E8F-3AFF-493F-8AB0-148FF2852EDA}.v100-static-release|32.Build.0 = Release|x64
		{B2536E8F-3AFF-493F-8AB0-148FF2852EDA}.v100-static-release|64.ActiveCfg = Release|x64
		{B2536E8F-3AFF-493F-8AB0-148FF2852EDA}.v100-static-release|64.Build.0 = Release|x64
		{B2536E8F-3AFF-493F-8AB0-148FF2852EDA}.v100-static-release|x64.ActiveCfg = Release|x64
		{B2536E8F-3AFF-493F-8AB0-148FF2852EDA}.v100-static-release|x64.Build.0 = Release|x64
		{B2536E8F-3AFF-493F-8AB0-148FF2852EDA}.v100-static-release|x86.ActiveCfg = Release|Win32
		{B2536E8F-3AFF-493F-8AB0-148FF2852EDA}.v100-static-release|x86.Build.0 = Release|Win32
		{B2536E8F-3AFF-493F-8AB0-148FF2852EDA}.v110-dynamic-debug|32.ActiveCfg = Release|x64
		{B2536E8F-3AFF-493F-8AB0-148FF2852EDA}.v110-dynamic-debug|32.Build.0 = Release|x64
		{B2536E8F-3AFF-493F-8AB0-148FF2852EDA}.v110-dynamic-debug|64.ActiveCfg = Release|x64
		{B2536E8F-3AFF-493F-8AB0-148FF2852EDA}.v110-dynamic-debug|64.Build.0 = Release|x64
		{B2536E8F-3AFF-493F-8AB0-148FF2852EDA}.v110-dynamic-debug|x64.ActiveCfg = Release|x64
		{B2536E8F-3AFF-493F-8AB0-148FF2852EDA}.v110-dynamic-debug|x64.Build.0 = Release|x64
		{B2536E8F-3AFF-493F-8AB0-148FF2852EDA}.v110-dynamic-debug|x86.ActiveCfg = Release|Win32
		{B2536E8F-3AFF-493F-8AB0-148FF2852EDA}.v110-dynamic-debug|x86.Build.0 = Release|Win32
		{B2536E8F-3AFF-493F-8AB0-148FF2852EDA}.v110-dynamic-debug-dll|32.ActiveCfg = Release|x64
		{B2536E8F-3AFF-493F-8AB0-148FF2852EDA}.v110-dynamic-debug-dll|32.Build.0 = Release|x64
		{B2536E8F-3AFF-493F-8AB0-148FF2852EDA}.v110-dynamic-debug-dll|64.ActiveCfg = Release|x64
		{B2536E8F-3AFF-493F-8AB0-148FF2852EDA}.v110-dynamic-debug-dll|64.Build.0 = Release|x64
		{B2536E8F-3AFF-493F-8AB0-148FF2852EDA}.v110-dynamic-debug-dll|x64.ActiveCfg = Release|x64
		{B2536E8F-3AFF-493F-8AB0-148FF2852EDA}.v110-dynamic-debug-dll|x64.Build.0 = Release|x64
		{B2536E8F-3AFF-493F-8AB0-148FF2852EDA}.v110-dynamic-debug-dll|x86.ActiveCfg = Release|Win32
		{B2536E8F-3AFF-493F-8AB0-148FF2852EDA}.v110-dynamic-debug-dll|x86.Build.0 = Release|Win32
		{B2536E8F-3AFF-493F-8AB0-148FF2852EDA}.v110-dynamic-release|32.ActiveCfg = Release|x64
		{B2536E8F-3AFF-493F-8AB0-148FF2852EDA}.v110-dynamic-release|32.Build.0 = Release|x64
		{B2536E8F-3AFF-493F-8AB0-148FF2852EDA}.v110-dynamic-release|64.ActiveCfg = Release|x64
		{B2536E8F-3AFF-493F-8AB0-148FF2852EDA}.v110-dynamic-release|64.Build.0 = Release|x64
		{B2536E8F-3AFF-493F-8AB0-148FF2852EDA}.v110-dynamic-release|x64.ActiveCfg = Release|x64
		{B2536E8F-3AFF-493F-8AB0-148FF2852EDA}.v110-dynamic-release|x64.Build.0 = Release|x64
		{B2536E8F-3AFF-493F-8AB0-148FF2852EDA}.v110-dynamic-release|x86.ActiveCfg = Release|Win32
		{B2536E8F-3AFF-493F-8AB0-148FF2852EDA}.v110-dynamic-release|x86.Build.0 = Release|Win32
		{B2536E8F-3AFF-493F-8AB0-148FF2852EDA}.v110-dynamic-release-dll|32.ActiveCfg = Release|x64
		{B2536E8F-3AFF-493F-8AB0-148FF2852EDA}.v110-dynamic-release-dll|32.Build.0 = Release|x64
		{B2536E8F-3AFF-493F-8AB0-148FF2852EDA}.v110-dynamic-release-dll|64.ActiveCfg = Release|x64
		{B2536E8F-3AFF-493F-8AB0-148FF2852EDA}.v110-dynamic-release-dll|64.Build.0 = Release|x64
		{B2536E8F-3AFF-493F-8AB0-148FF2852EDA}.v110-dynamic-release-dll|x64.ActiveCfg = Release|x64
		{B2536E8F-3AFF-493F-8AB0-148FF2852EDA}.v110-dynamic-release-dll|x64.Build.0 = Release|x64
		{B2536E8F-3AFF-493F-8AB0-148FF2852EDA}.v110-dynamic-release-dll|x86.ActiveCfg = Release|Win32
		{B2536E8F-3AFF-493F-8AB0-148FF2852EDA}.v110-dynamic-release-dll|x86.Build.0 = Release|Win32
		{B2536E8F-3AFF-493F-8AB0-148FF2852EDA}.v110-static-debug|32.ActiveCfg = Release|x64
		{B2536E8F-3AFF-493F-8AB0-148FF2852EDA}.v110-static-debug|32.Build.0 = Release|x64
		{B2536E8F-3AFF-493F-8AB0-148FF2852EDA}.v110-static-debug|64.ActiveCfg = Release|x64
		{B2536E8F-3AFF-493F-8AB0-148FF2852EDA}.v110-static-debug|64.Build.0 = Release|x64
		{B2536E8F-3AFF-493F-8AB0-148FF2852EDA}.v110-static-debug|x64.ActiveCfg = Release|x64
		{B2536E8F-3AFF-493F-8AB0-148FF2852EDA}.v110-static-debug|x64.Build.0 = Release|x64
		{B2536E8F-3AFF-493F-8AB0-148FF2852EDA}.v110-static-debug|x86.ActiveCfg = Release|Win32
		{B2536E8F-3AFF-493F-8AB0-148FF2852EDA}.v110-static-debug|x86.Build.0 = Release|Win32
		{B2536E8F-3AFF-493F-8AB0-148FF2852EDA}.v110-static-release|32.ActiveCfg = Release|x64
		{B2536E8F-3AFF-493F-8AB0-148FF2852EDA}.v110-static-release|32.Build.0 = Release|x64
		{B2536E8F-3AFF-493F-8AB0-148FF2852EDA}.v110-static-release|64.ActiveCfg = Release|x64
		{B2536E8F-3AFF-493F-8AB0-148FF2852EDA}.v110-static-release|64.Build.0 = Release|x64
		{B2536E8F-3AFF-493F-8AB0-148FF2852EDA}.v110-static-release|x64.ActiveCfg = Release|x64
		{B2536E8F-3AFF-493F-8AB0-148FF2852EDA}.v110-static-release|x64.Build.0 = Release|x64
		{B2536E8F-3AFF-493F-8AB0-148FF2852EDA}.v110-static-release|x86.ActiveCfg = Release|Win32
		{B2536E8F-3AFF-493F-8AB0-148FF2852EDA}.v110-static-release|x86.Build.0 = Release|Win32
		{B2536E8F-3AFF-493F-8AB0-148FF2852EDA}.v120-dynamic-debug|32.ActiveCfg = Release|x64
		{B2536E8F-3AFF-493F-8AB0-148FF2852EDA}.v120-dynamic-debug|32.Build.0 = Release|x64
		{B2536E8F-3AFF-493F-8AB0-148FF2852EDA}.v120-dynamic-debug|64.ActiveCfg = Release|x64
		{B2536E8F-3AFF-493F-8AB0-148FF2852EDA}.v120-dynamic-debug|64.Build.0 = Release|x64
		{B2536E8F-3AFF-493F-8AB0-148FF2852EDA}.v120-dynamic-debug|x64.ActiveCfg = Release|x64
		{B2536E8F-3AFF-493F-8AB0-148FF2852EDA}.v120-dynamic-debug|x64.Build.0 = Release|x64
		{B2536E8F-3AFF-493F-8AB0-148FF2852EDA}.v120-dynamic-debug|x86.ActiveCfg = Release|Win32
		{B2536E8F-3AFF-493F-8AB0-148FF2852EDA}.v120-dynamic-debug|x86.Build.0 = Release|Win32
		{B2536E8F-3AFF-493F-8AB0-148FF2852EDA}.v120-dynamic-debug-dll|32.ActiveCfg = Release|x64
		{B2536E8F-3AFF-493F-8AB0-148FF2852EDA}.v120-dynamic-debug-dll|32.Build.0 = Release|x64
		{B2536E8F-3AFF-493F-8AB0-148FF2852EDA}.v120-dynamic-debug-dll|64.ActiveCfg = Release|x64
		{B2536E8F-3AFF-493F-8AB0-148FF2852EDA}.v120-dynamic-debug-dll|64.Build.0 = Release|x64
		{B2536E8F-3AFF-493F-8AB0-148FF2852EDA}.v120-dynamic-debug-dll|x64.ActiveCfg = Release|x64
		{B2536E8F-3AFF-493F-8AB0-148FF2852EDA}.v120-dynamic-debug-dll|x64.Build.0 = Release|x64
		{B2536E8F-3AFF-493F-8AB0-148FF2852EDA}.v120-dynamic-debug-dll|x86.ActiveCfg = Release|Win32
		{B2536E8F-3AFF-493F-8AB0-148FF2852EDA}.v120-dynamic-debug-dll|x86.Build.0 = Release|Win32
		{B2536E8F-3AFF-493F-8AB0-148FF2852EDA}.v120-dynamic-release|32.ActiveCfg = Release|x64
		{B2536E8F-3AFF-493F-8AB0-148FF2852EDA}.v120-dynamic-release|32.Build.0 = Release|x64
		{B2536E8F-3AFF-493F-8AB0-148FF2852EDA}.v120-dynamic-release|64.ActiveCfg = Release|x64
		{B2536E8F-3AFF-493F-8AB0-148FF2852EDA}.v120-dynamic-release|64.Build.0 = Release|x64
		{B2536E8F-3AFF-493F-8AB0-148FF2852EDA}.v120-dynamic-release|x64.ActiveCfg = Release|x64
		{B2536E8F-3AFF-493F-8AB0-148FF2852EDA}.v120-dynamic-release|x64.Build.0 = Release|x64
		{B2536E8F-3AFF-493F-8AB0-148FF2852EDA}.v120-dynamic-release|x86.ActiveCfg = Release|Win32
		{B2536E8F-3AFF-493F-8AB0-148FF2852EDA}.v120-dynamic-release|x86.Build.0 = Release|Win32
		{B2536E8F-3AFF-493F-8AB0-148FF2852EDA}.v120-dynamic-release-dll|32.ActiveCfg = Release|x64
		{B2536E8F-3AFF-493F-8AB0-148FF2852EDA}.v120-dynamic-release-dll|32.Build.0 = Release|x64
		{B2536E8F-3AFF-493F-8AB0-148FF2852EDA}.v120-dynamic-release-dll|64.ActiveCfg = Release|x64
		{B2536E8F-3AFF-493F-8AB0-148FF2852EDA}.v120-dynamic-release-dll|64.Build.0 = Release|x64
		{B2536E8F-3AFF-493F-8AB0-148FF2852EDA}.v120-dynamic-release-dll|x64.ActiveCfg = Release|x64
		{B2536E8F-3AFF-493F-8AB0-148FF2852EDA}.v120-dynamic-release-dll|x64.Build.0 = Release|x64
		{B2536E8F-3AFF-493F-8AB0-148FF2852EDA}.v120-dynamic-release-dll|x86.ActiveCfg = Release|Win32
		{B2536E8F-3AFF-493F-8AB0-148FF2852EDA}.v120-dynamic-release-dll|x86.Build.0 = Release|Win32
		{B2536E8F-3AFF-493F-8AB0-148FF2852EDA}.v120-static-debug|32.ActiveCfg = Release|x64
		{B2536E8F-3AFF-493F-8AB0-148FF2852EDA}.v120-static-debug|32.Build.0 = Release|x64
		{B2536E8F-3AFF-493F-8AB0-148FF2852EDA}.v120-static-debug|64.ActiveCfg = Release|x64
		{B2536E8F-3AFF-493F-8AB0-148FF2852EDA}.v120-static-debug|64.Build.0 = Release|x64
		{B2536E8F-3AFF-493F-8AB0-148FF2852EDA}.v120-static-debug|x64.ActiveCfg = Release|x64
		{B2536E8F-3AFF-493F-8AB0-148FF2852EDA}.v120-static-debug|x64.Build.0 = Release|x64
		{B2536E8F-3AFF-493F-8AB0-148FF2852EDA}.v120-static-debug|x86.ActiveCfg = Release|Win32
		{B2536E8F-3AFF-493F-8AB0-148FF2852EDA}.v120-static-debug|x86.Build.0 = Release|Win32
		{B2536E8F-3AFF-493F-8AB0-148FF2852EDA}.v120-static-release|32.ActiveCfg = Release|x64
		{B2536E8F-3AFF-493F-8AB0-148FF2852EDA}.v120-static-release|32.Build.0 = Release|x64
		{B2536E8F-3AFF-493F-8AB0-148FF2852EDA}.v120-static-release|64.ActiveCfg = Release|x64
		{B2536E8F-3AFF-493F-8AB0-148FF2852EDA}.v120-static-release|64.Build.0 = Release|x64
		{B2536E8F-3AFF-493F-8AB0-148FF2852EDA}.v120-static-release|x64.ActiveCfg = Release|x64
		{B2536E8F-3AFF-493F-8AB0-148FF2852EDA}.v120-static-release|x64.Build.0 = Release|x64
		{B2536E8F-3AFF-493F-8AB0-148FF2852EDA}.v120-static-release|x86.ActiveCfg = Release|Win32
		{B2536E8F-3AFF-493F-8AB0-148FF2852EDA}.v120-static-release|x86.Build.0 = Release|Win32
		{B2536E8F-3AFF-493F-8AB0-148FF2852EDA}.v140-dynamic-debug|32.ActiveCfg = Release|x64
		{B2536E8F-3AFF-493F-8AB0-148FF2852EDA}.v140-dynamic-debug|32.Build.0 = Release|x64
		{B2536E8F-3AFF-493F-8AB0-148FF2852EDA}.v140-dynamic-debug|64.ActiveCfg = Release|x64
		{B2536E8F-3AFF-493F-8AB0-148FF2852EDA}.v140-dynamic-debug|64.Build.0 = Release|x64
		{B2536E8F-3AFF-493F-8AB0-148FF2852EDA}.v140-dynamic-debug|x64.ActiveCfg = Release|x64
		{B2536E8F-3AFF-493F-8AB0-148FF2852EDA}.v140-dynamic-debug|x64.Build.0 = Release|x64
		{B2536E8F-3AFF-493F-8AB0-148FF2852EDA}.v140-dynamic-debug|x86.ActiveCfg = Release|Win32
		{B2536E8F-3AFF-493F-8AB0-148FF2852EDA}.v140-dynamic-debug|x86.Build.0 = Release|Win32
		{B2536E8F-3AFF-493F-8AB0-148FF2852EDA}.v140-dynamic-debug-dll|32.ActiveCfg = Release|x64
		{B2536E8F-3AFF-493F-8AB0-148FF2852EDA}.v140-dynamic-debug-dll|32.Build.0 = Release|x64
		{B2536E8F-3AFF-493F-8AB0-148FF2852EDA}.v140-dynamic-debug-dll|64.ActiveCfg = Release|x64
		{B2536E8F-3AFF-493F-8AB0-148FF2852EDA}.v140-dynamic-debug-dll|64.Build.0 = Release|x64
		{B2536E8F-3AFF-493F-8AB0-148FF2852EDA}.v140-dynamic-debug-dll|x64.ActiveCfg = Release|x64
		{B2536E8F-3AFF-493F-8AB0-148FF2852EDA}.v140-dynamic-debug-dll|x64.Build.0 = Release|x64
		{B2536E8F-3AFF-493F-8AB0-148FF2852EDA}.v140-dynamic-debug-dll|x86.ActiveCfg = Release|Win32
		{B2536E8F-3AFF-493F-8AB0-148FF2852EDA}.v140-dynamic-debug-dll|x86.Build.0 = Release|Win32
		{B2536E8F-3AFF-493F-8AB0-148FF2852EDA}.v140-dynamic-release|32.ActiveCfg = Release|x64
		{B2536E8F-3AFF-493F-8AB0-148FF2852EDA}.v140-dynamic-release|32.Build.0 = Release|x64
		{B2536E8F-3AFF-493F-8AB0-148FF2852EDA}.v140-dynamic-release|64.ActiveCfg = Release|x64
		{B2536E8F-3AFF-493F-8AB0-148FF2852EDA}.v140-dynamic-release|64.Build.0 = Release|x64
		{B2536E8F-3AFF-493F-8AB0-148FF2852EDA}.v140-dynamic-release|x64.ActiveCfg = Release|x64
		{B2536E8F-3AFF-493F-8AB0-148FF2852EDA}.v140-dynamic-release|x64.Build.0 = Release|x64
		{B2536E8F-3AFF-493F-8AB0-148FF2852EDA}.v140-dynamic-release|x86.ActiveCfg = Release|Win32
		{B2536E8F-3AFF-493F-8AB0-148FF2852EDA}.v140-dynamic-release|x86.Build.0 = Release|Win32
		{B2536E8F-3AFF-493F-8AB0-148FF2852EDA}.v140-dynamic-release-dll|32.ActiveCfg = Release|x64
		{B2536E8F-3AFF-493F-8AB0-148FF2852EDA}.v140-dynamic-release-dll|32.Build.0 = Release|x64
		{B2536E8F-3AFF-493F-8AB0-148FF2852EDA}.v140-dynamic-release-dll|64.ActiveCfg = Release|x64
		{B2536E8F-3AFF-493F-8AB0-148FF2852EDA}.v140-dynamic-release-dll|64.Build.0 = Release|x64
		{B2536E8F-3AFF-493F-8AB0-148FF2852EDA}.v140-dynamic-release-dll|x64.ActiveCfg = Release|x64
		{B2536E8F-3AFF-493F-8AB0-148FF2852EDA}.v140-dynamic-release-dll|x64.Build.0 = Release|x64
		{B2536E8F-3AFF-493F-8AB0-148FF2852EDA}.v140-dynamic-release-dll|x86.ActiveCfg = Release|Win32
		{B2536E8F-3AFF-493F-8AB0-148FF2852EDA}.v140-dynamic-release-dll|x86.Build.0 = Release|Win32
		{B2536E8F-3AFF-493F-8AB0-148FF2852EDA}.v140-static-debug|32.ActiveCfg = Debug|Win32
		{B2536E8F-3AFF-493F-8AB0-148FF2852EDA}.v140-static-debug|32.Build.0 = Debug|Win32
		{B2536E8F-3AFF-493F-8AB0-148FF2852EDA}.v140-static-debug|64.ActiveCfg = Release|x64
		{B2536E8F-3AFF-493F-8AB0-148FF2852EDA}.v140-static-debug|64.Build.0 = Release|x64
		{B2536E8F-3AFF-493F-8AB0-148FF2852EDA}.v140-static-debug|x64.ActiveCfg = Release|x64
		{B2536E8F-3AFF-493F-8AB0-148FF2852EDA}.v140-static-debug|x64.Build.0 = Release|x64
		{B2536E8F-3AFF-493F-8AB0-148FF2852EDA}.v140-static-debug|x86.ActiveCfg = Release|Win32
		{B2536E8F-3AFF-493F-8AB0-148FF2852EDA}.v140-static-debug|x86.Build.0 = Release|Win32
		{B2536E8F-3AFF-493F-8AB0-148FF2852EDA}.v140-static-release|32.ActiveCfg = Release|Win32
		{B2536E8F-3AFF-493F-8AB0-148FF2852EDA}.v140-static-release|32.Build.0 = Release|Win32
		{B2536E8F-3AFF-493F-8AB0-148FF2852EDA}.v140-static-release|64.ActiveCfg = Release|x64
		{B2536E8F-3AFF-493F-8AB0-148FF2852EDA}.v140-static-release|64.Build.0 = Release|x64
		{B2536E8F-3AFF-493F-8AB0-148FF2852EDA}.v140-static-release|x64.ActiveCfg = Release|x64
		{B2536E8F-3AFF-493F-8AB0-148FF2852EDA}.v140-static-release|x64.Build.0 = Release|x64
		{B2536E8F-3AFF-493F-8AB0-148FF2852EDA}.v140-static-release|x86.ActiveCfg = Release|Win32
		{B2536E8F-3AFF-493F-8AB0-148FF2852EDA}.v140-static-release|x86.Build.0 = Release|Win32
	EndGlobalSection
	GlobalSection(SolutionProperties) = preSolution
		HideSolutionNode = FALSE
	EndGlobalSection
EndGlobal
